
Microsoft Visual Studio Solution File, Format Version 12.00
# Visual Studio Version 16
VisualStudioVersion = 16.0.29424.173
MinimumVisualStudioVersion = 10.0.40219.1
Project("{FAE04EC0-301F-11D3-BF4B-00C04F79EFBC}") = "Membros", "Membros.csproj", "{E4020E31-A382-4CE5-8324-6D3E6E7977FB}"
EndProject
Global
	GlobalSection(SolutionConfigurationPlatforms) = preSolution
		Debug|Any CPU = Debug|Any CPU
		Release|Any CPU = Release|Any CPU
	EndGlobalSection
	GlobalSection(ProjectConfigurationPlatforms) = postSolution
		{E4020E31-A382-4CE5-8324-6D3E6E7977FB}.Debug|Any CPU.ActiveCfg = Debug|Any CPU
		{E4020E31-A382-4CE5-8324-6D3E6E7977FB}.Debug|Any CPU.Build.0 = Debug|Any CPU
		{E4020E31-A382-4CE5-8324-6D3E6E7977FB}.Release|Any CPU.ActiveCfg = Release|Any CPU
		{E4020E31-A382-4CE5-8324-6D3E6E7977FB}.Release|Any CPU.Build.0 = Release|Any CPU
	EndGlobalSection
	GlobalSection(SolutionProperties) = preSolution
		HideSolutionNode = FALSE
	EndGlobalSection
	GlobalSection(ExtensibilityGlobals) = postSolution
		SolutionGuid = {1C0573C6-85E0-4F32-98E3-7D86490AAC53}
	EndGlobalSection
EndGlobal
